
Microsoft Visual Studio Solution File, Format Version 12.00
# Visual Studio Version 17
VisualStudioVersion = 17.13.35825.156 d17.13
MinimumVisualStudioVersion = 10.0.40219.1
Project("{FAE04EC0-301F-11D3-BF4B-00C04F79EFBC}") = "ProductMicroService.API", "ProductMicroServer.API\ProductMicroService.API.csproj", "{F5F979CC-1ACB-41A1-814B-68FE52D17845}"
EndProject
Project("{FAE04EC0-301F-11D3-BF4B-00C04F79EFBC}") = "BusinessLogicLayer", "BusinessLogicLayer\BusinessLogicLayer.csproj", "{0ACA11C3-0323-4A6A-BEFC-3F401FD08820}"
EndProject
Project("{FAE04EC0-301F-11D3-BF4B-00C04F79EFBC}") = "DataAccessLayer", "DataAccessLibrary\DataAccessLayer.csproj", "{10F14010-A743-4CDE-9401-245C99B436DC}"
EndProject
Global
	GlobalSection(SolutionConfigurationPlatforms) = preSolution
		Debug|Any CPU = Debug|Any CPU
		Release|Any CPU = Release|Any CPU
	EndGlobalSection
	GlobalSection(ProjectConfigurationPlatforms) = postSolution
		{F5F979CC-1ACB-41A1-814B-68FE52D17845}.Debug|Any CPU.ActiveCfg = Debug|Any CPU
		{F5F979CC-1ACB-41A1-814B-68FE52D17845}.Debug|Any CPU.Build.0 = Debug|Any CPU
		{F5F979CC-1ACB-41A1-814B-68FE52D17845}.Release|Any CPU.ActiveCfg = Release|Any CPU
		{F5F979CC-1ACB-41A1-814B-68FE52D17845}.Release|Any CPU.Build.0 = Release|Any CPU
		{0ACA11C3-0323-4A6A-BEFC-3F401FD08820}.Debug|Any CPU.ActiveCfg = Debug|Any CPU
		{0ACA11C3-0323-4A6A-BEFC-3F401FD08820}.Debug|Any CPU.Build.0 = Debug|Any CPU
		{0ACA11C3-0323-4A6A-BEFC-3F401FD08820}.Release|Any CPU.ActiveCfg = Release|Any CPU
		{0ACA11C3-0323-4A6A-BEFC-3F401FD08820}.Release|Any CPU.Build.0 = Release|Any CPU
		{10F14010-A743-4CDE-9401-245C99B436DC}.Debug|Any CPU.ActiveCfg = Debug|Any CPU
		{10F14010-A743-4CDE-9401-245C99B436DC}.Debug|Any CPU.Build.0 = Debug|Any CPU
		{10F14010-A743-4CDE-9401-245C99B436DC}.Release|Any CPU.ActiveCfg = Release|Any CPU
		{10F14010-A743-4CDE-9401-245C99B436DC}.Release|Any CPU.Build.0 = Release|Any CPU
	EndGlobalSection
	GlobalSection(SolutionProperties) = preSolution
		HideSolutionNode = FALSE
	EndGlobalSection
	GlobalSection(ExtensibilityGlobals) = postSolution
		SolutionGuid = {ED4062A4-6527-4C01-9D9C-49C8C8A75A36}
	EndGlobalSection
EndGlobal
